{
  "object": {
    "pins": [
      {
        "package": "Starscream",
        "repositoryURL": "https://github.com/MNman/Starscream.git",
        "state": {
          "branch": null,
          "revision": "85688e868b19af9bcb9b03485ac85d9cf87e000f",
          "version": "9.0.1"
        }
      }
    ]
  },
  "version": 1
}
